Microsoft Visual Studio Solution File, Format Version 12.00
# Visual Studio Version 17
VisualStudioVersion = 17.5.2.0
MinimumVisualStudioVersion = 10.0.40219.1
Project("{2150E333-8FDC-42A3-9474-1A3956D46DE8}") = "WebApi", "WebApi", "{6EDC7094-E22D-CF10-605B-B42C7FB8B0A8}"
EndProject
Project("{2150E333-8FDC-42A3-9474-1A3956D46DE8}") = "WebApi2", "WebApi2", "{CD8F869A-B0BA-B392-847C-265C9CEB1D8A}"
EndProject
Project("{FAE04EC0-301F-11D3-BF4B-00C04F79EFBC}") = "WebApi", "WebApi\WebApi2\WebApi.csproj", "{BACC4961-3F0B-278C-B350-D68265DBD09F}"
EndProject
Global
	GlobalSection(SolutionConfigurationPlatforms) = preSolution
		Debug|Any CPU = Debug|Any CPU
		Release|Any CPU = Release|Any CPU
	EndGlobalSection
	GlobalSection(ProjectConfigurationPlatforms) = postSolution
		{BACC4961-3F0B-278C-B350-D68265DBD09F}.Debug|Any CPU.ActiveCfg = Debug|Any CPU
		{BACC4961-3F0B-278C-B350-D68265DBD09F}.Debug|Any CPU.Build.0 = Debug|Any CPU
		{BACC4961-3F0B-278C-B350-D68265DBD09F}.Release|Any CPU.ActiveCfg = Release|Any CPU
		{BACC4961-3F0B-278C-B350-D68265DBD09F}.Release|Any CPU.Build.0 = Release|Any CPU
	EndGlobalSection
	GlobalSection(SolutionProperties) = preSolution
		HideSolutionNode = FALSE
	EndGlobalSection
	GlobalSection(NestedProjects) = preSolution
		{CD8F869A-B0BA-B392-847C-265C9CEB1D8A} = {6EDC7094-E22D-CF10-605B-B42C7FB8B0A8}
		{BACC4961-3F0B-278C-B350-D68265DBD09F} = {CD8F869A-B0BA-B392-847C-265C9CEB1D8A}
	EndGlobalSection
	GlobalSection(ExtensibilityGlobals) = postSolution
		SolutionGuid = {4559104F-6780-4282-881C-5C0503BF8026}
	EndGlobalSection
EndGlobal
